// !$*UTF8*$!
{
	archiveVersion = 1;
	classes = {
	};
	objectVersion = 56;
	objects = {

/* Begin PBXBuildFile section */
		04AB35422B5B386900BCC19D /* VinBladelNewApp.swift in Sources */ = {isa = PBXBuildFile; fileRef = 04AB35412B5B386900BCC19D /* VinBladelNewApp.swift */; };
		04AB35442B5B386900BCC19D /* ContentView.swift in Sources */ = {isa = PBXBuildFile; fileRef = 04AB35432B5B386900BCC19D /* ContentView.swift */; };
		04AB35462B5B386B00BCC19D /* Assets.xcassets in Resources */ = {isa = PBXBuildFile; fileRef = 04AB35452B5B386B00BCC19D /* Assets.xcassets */; };
		04AB35492B5B386B00BCC19D /* Preview Assets.xcassets in Resources */ = {isa = PBXBuildFile; fileRef = 04AB35482B5B386B00BCC19D /* Preview Assets.xcassets */; };
		04AB35502B601ED900BCC19D /* GoogleService-Info.plist in Resources */ = {isa = PBXBuildFile; fileRef = 04AB354F2B601ED900BCC19D /* GoogleService-Info.plist */; };
		04AB35532B601F2000BCC19D /* FirebaseAnalytics in Frameworks */ = {isa = PBXBuildFile; productRef = 04AB35522B601F2000BCC19D /* FirebaseAnalytics */; };
		04AB35552B601F2000BCC19D /* FirebaseAnalyticsOnDeviceConversion in Frameworks */ = {isa = PBXBuildFile; productRef = 04AB35542B601F2000BCC19D /* FirebaseAnalyticsOnDeviceConversion */; };
		04AB35572B601F2000BCC19D /* FirebaseAnalyticsSwift in Frameworks */ = {isa = PBXBuildFile; productRef = 04AB35562B601F2000BCC19D /* FirebaseAnalyticsSwift */; };
		04AB35592B601F2000BCC19D /* FirebaseAnalyticsWithoutAdIdSupport in Frameworks */ = {isa = PBXBuildFile; productRef = 04AB35582B601F2000BCC19D /* FirebaseAnalyticsWithoutAdIdSupport */; };
		04AB355B2B601F2000BCC19D /* FirebaseAppCheck in Frameworks */ = {isa = PBXBuildFile; productRef = 04AB355A2B601F2000BCC19D /* FirebaseAppCheck */; };
		04AB355D2B601F2000BCC19D /* FirebaseAppDistribution-Beta in Frameworks */ = {isa = PBXBuildFile; productRef = 04AB355C2B601F2000BCC19D /* FirebaseAppDistribution-Beta */; };
		04AB355F2B601F2000BCC19D /* FirebaseAuth in Frameworks */ = {isa = PBXBuildFile; productRef = 04AB355E2B601F2000BCC19D /* FirebaseAuth */; };
		04AB35612B601F2000BCC19D /* FirebaseAuthCombine-Community in Frameworks */ = {isa = PBXBuildFile; productRef = 04AB35602B601F2000BCC19D /* FirebaseAuthCombine-Community */; };
		04AB35632B601F2000BCC19D /* FirebaseCrashlytics in Frameworks */ = {isa = PBXBuildFile; productRef = 04AB35622B601F2000BCC19D /* FirebaseCrashlytics */; };
		04AB35652B601F2000BCC19D /* FirebaseDatabase in Frameworks */ = {isa = PBXBuildFile; productRef = 04AB35642B601F2000BCC19D /* FirebaseDatabase */; };
		04AB35672B601F2000BCC19D /* FirebaseDatabaseSwift in Frameworks */ = {isa = PBXBuildFile; productRef = 04AB35662B601F2000BCC19D /* FirebaseDatabaseSwift */; };
		04AB35692B601F2000BCC19D /* FirebaseDynamicLinks in Frameworks */ = {isa = PBXBuildFile; productRef = 04AB35682B601F2000BCC19D /* FirebaseDynamicLinks */; };
		04AB356B2B601F2000BCC19D /* FirebaseFirestore in Frameworks */ = {isa = PBXBuildFile; productRef = 04AB356A2B601F2000BCC19D /* FirebaseFirestore */; };
		04AB356D2B601F2000BCC19D /* FirebaseFirestoreCombine-Community in Frameworks */ = {isa = PBXBuildFile; productRef = 04AB356C2B601F2000BCC19D /* FirebaseFirestoreCombine-Community */; };
		04AB356F2B601F2000BCC19D /* FirebaseFirestoreSwift in Frameworks */ = {isa = PBXBuildFile; productRef = 04AB356E2B601F2000BCC19D /* FirebaseFirestoreSwift */; };
		04AB35712B601F2000BCC19D /* FirebaseFunctions in Frameworks */ = {isa = PBXBuildFile; productRef = 04AB35702B601F2000BCC19D /* FirebaseFunctions */; };
		04AB35732B601F2000BCC19D /* FirebaseFunctionsCombine-Community in Frameworks */ = {isa = PBXBuildFile; productRef = 04AB35722B601F2000BCC19D /* FirebaseFunctionsCombine-Community */; };
		04AB35752B601F2000BCC19D /* FirebaseInAppMessaging-Beta in Frameworks */ = {isa = PBXBuildFile; productRef = 04AB35742B601F2000BCC19D /* FirebaseInAppMessaging-Beta */; };
		04AB35772B601F2000BCC19D /* FirebaseInAppMessagingSwift-Beta in Frameworks */ = {isa = PBXBuildFile; productRef = 04AB35762B601F2000BCC19D /* FirebaseInAppMessagingSwift-Beta */; };
		04AB35792B601F2000BCC19D /* FirebaseInstallations in Frameworks */ = {isa = PBXBuildFile; productRef = 04AB35782B601F2000BCC19D /* FirebaseInstallations */; };
		04AB357B2B601F2000BCC19D /* FirebaseMLModelDownloader in Frameworks */ = {isa = PBXBuildFile; productRef = 04AB357A2B601F2000BCC19D /* FirebaseMLModelDownloader */; };
		04AB357D2B601F2000BCC19D /* FirebaseMessaging in Frameworks */ = {isa = PBXBuildFile; productRef = 04AB357C2B601F2000BCC19D /* FirebaseMessaging */; };
		04AB357F2B601F2000BCC19D /* FirebasePerformance in Frameworks */ = {isa = PBXBuildFile; productRef = 04AB357E2B601F2000BCC19D /* FirebasePerformance */; };
		04AB35812B601F2000BCC19D /* FirebaseRemoteConfig in Frameworks */ = {isa = PBXBuildFile; productRef = 04AB35802B601F2000BCC19D /* FirebaseRemoteConfig */; };
		04AB35832B601F2000BCC19D /* FirebaseRemoteConfigSwift in Frameworks */ = {isa = PBXBuildFile; productRef = 04AB35822B601F2000BCC19D /* FirebaseRemoteConfigSwift */; };
		04AB35852B601F2000BCC19D /* FirebaseStorage in Frameworks */ = {isa = PBXBuildFile; productRef = 04AB35842B601F2000BCC19D /* FirebaseStorage */; };
		04AB35872B601F2000BCC19D /* FirebaseStorageCombine-Community in Frameworks */ = {isa = PBXBuildFile; productRef = 04AB35862B601F2000BCC19D /* FirebaseStorageCombine-Community */; };
		04AB358C2B60293A00BCC19D /* FirebaseClass.swift in Sources */ = {isa = PBXBuildFile; fileRef = 04AB358B2B60293A00BCC19D /* FirebaseClass.swift */; };
		04AB35902B62BBB500BCC19D /* CustomerListView.swift in Sources */ = {isa = PBXBuildFile; fileRef = 04AB358F2B62BBB500BCC19D /* CustomerListView.swift */; };
		04AB35922B62BD5300BCC19D /* CustomerCarsView.swift in Sources */ = {isa = PBXBuildFile; fileRef = 04AB35912B62BD5300BCC19D /* CustomerCarsView.swift */; };
		04AB35942B62CA5900BCC19D /* CustomerCarSpecsView.swift in Sources */ = {isa = PBXBuildFile; fileRef = 04AB35932B62CA5900BCC19D /* CustomerCarSpecsView.swift */; };
		B177BA242B60204C0064FFA8 /* General_Inspection.swift in Sources */ = {isa = PBXBuildFile; fileRef = B177BA232B60204C0064FFA8 /* General_Inspection.swift */; };
		B177BA262B60205E0064FFA8 /* Tire_Inspection.swift in Sources */ = {isa = PBXBuildFile; fileRef = B177BA252B60205E0064FFA8 /* Tire_Inspection.swift */; };
		B177BA282B6020720064FFA8 /* MultiPoint_Inspection.swift in Sources */ = {isa = PBXBuildFile; fileRef = B177BA272B6020720064FFA8 /* MultiPoint_Inspection.swift */; };
		B177BA2A2B6020820064FFA8 /* UnderCar_Inspection.swift in Sources */ = {isa = PBXBuildFile; fileRef = B177BA292B6020820064FFA8 /* UnderCar_Inspection.swift */; };
		B177BA2C2B6020980064FFA8 /* Brakes_Inspection.swift in Sources */ = {isa = PBXBuildFile; fileRef = B177BA2B2B6020980064FFA8 /* Brakes_Inspection.swift */; };
		C1A51DBE2B62C6B6000D0399 /* Summary_Page.swift in Sources */ = {isa = PBXBuildFile; fileRef = C1A51DBD2B62C6B6000D0399 /* Summary_Page.swift */; };
		C98F5E0C2B6026BB00ED07DE /* backend in Resources */ = {isa = PBXBuildFile; fileRef = C98F5E0B2B6026BB00ED07DE /* backend */; };
/* End PBXBuildFile section */

/* Begin PBXFileReference section */
		04AB353E2B5B386900BCC19D /* VinBladelNew.app */ = {isa = PBXFileReference; explicitFileType = wrapper.application; includeInIndex = 0; path = VinBladelNew.app; sourceTree = BUILT_PRODUCTS_DIR; };
		04AB35412B5B386900BCC19D /* VinBladelNewApp.swift */ = {isa = PBXFileReference; lastKnownFileType = sourcecode.swift; path = VinBladelNewApp.swift; sourceTree = "<group>"; };
		04AB35432B5B386900BCC19D /* ContentView.swift */ = {isa = PBXFileReference; lastKnownFileType = sourcecode.swift; path = ContentView.swift; sourceTree = "<group>"; };
		04AB35452B5B386B00BCC19D /* Assets.xcassets */ = {isa = PBXFileReference; lastKnownFileType = folder.assetcatalog; path = Assets.xcassets; sourceTree = "<group>"; };
		04AB35482B5B386B00BCC19D /* Preview Assets.xcassets */ = {isa = PBXFileReference; lastKnownFileType = folder.assetcatalog; path = "Preview Assets.xcassets"; sourceTree = "<group>"; };
		04AB354F2B601ED900BCC19D /* GoogleService-Info.plist */ = {isa = PBXFileReference; fileEncoding = 4; lastKnownFileType = text.plist.xml; path = "GoogleService-Info.plist"; sourceTree = "<group>"; };
		04AB358B2B60293A00BCC19D /* FirebaseClass.swift */ = {isa = PBXFileReference; lastKnownFileType = sourcecode.swift; path = FirebaseClass.swift; sourceTree = "<group>"; };
		04AB358F2B62BBB500BCC19D /* CustomerListView.swift */ = {isa = PBXFileReference; lastKnownFileType = sourcecode.swift; path = CustomerListView.swift; sourceTree = "<group>"; };
		04AB35912B62BD5300BCC19D /* CustomerCarsView.swift */ = {isa = PBXFileReference; lastKnownFileType = sourcecode.swift; path = CustomerCarsView.swift; sourceTree = "<group>"; };
		04AB35932B62CA5900BCC19D /* CustomerCarSpecsView.swift */ = {isa = PBXFileReference; lastKnownFileType = sourcecode.swift; path = CustomerCarSpecsView.swift; sourceTree = "<group>"; };
		B177BA232B60204C0064FFA8 /* General_Inspection.swift */ = {isa = PBXFileReference; lastKnownFileType = sourcecode.swift; path = General_Inspection.swift; sourceTree = "<group>"; };
		B177BA252B60205E0064FFA8 /* Tire_Inspection.swift */ = {isa = PBXFileReference; lastKnownFileType = sourcecode.swift; path = Tire_Inspection.swift; sourceTree = "<group>"; };
		B177BA272B6020720064FFA8 /* MultiPoint_Inspection.swift */ = {isa = PBXFileReference; lastKnownFileType = sourcecode.swift; path = MultiPoint_Inspection.swift; sourceTree = "<group>"; };
		B177BA292B6020820064FFA8 /* UnderCar_Inspection.swift */ = {isa = PBXFileReference; lastKnownFileType = sourcecode.swift; path = UnderCar_Inspection.swift; sourceTree = "<group>"; };
		B177BA2B2B6020980064FFA8 /* Brakes_Inspection.swift */ = {isa = PBXFileReference; lastKnownFileType = sourcecode.swift; path = Brakes_Inspection.swift; sourceTree = "<group>"; };
		B1DF5A5F2B62CCDE0000668B /* TabView.swift */ = {isa = PBXFileReference; lastKnownFileType = sourcecode.swift; path = TabView.swift; sourceTree = "<group>"; };
		C1A51DBD2B62C6B6000D0399 /* Summary_Page.swift */ = {isa = PBXFileReference; lastKnownFileType = sourcecode.swift; path = Summary_Page.swift; sourceTree = "<group>"; };
		C98F5E0B2B6026BB00ED07DE /* backend */ = {isa = PBXFileReference; lastKnownFileType = folder; path = backend; sourceTree = "<group>"; };
/* End PBXFileReference section */

/* Begin PBXFrameworksBuildPhase section */
		04AB353B2B5B386900BCC19D /* Frameworks */ = {
			isa = PBXFrameworksBuildPhase;
			buildActionMask = 2147483647;
			files = (
				04AB35652B601F2000BCC19D /* FirebaseDatabase in Frameworks */,
				04AB35732B601F2000BCC19D /* FirebaseFunctionsCombine-Community in Frameworks */,
				04AB356B2B601F2000BCC19D /* FirebaseFirestore in Frameworks */,
				04AB35572B601F2000BCC19D /* FirebaseAnalyticsSwift in Frameworks */,
				04AB35532B601F2000BCC19D /* FirebaseAnalytics in Frameworks */,
				04AB35552B601F2000BCC19D /* FirebaseAnalyticsOnDeviceConversion in Frameworks */,
				04AB357B2B601F2000BCC19D /* FirebaseMLModelDownloader in Frameworks */,
				04AB356F2B601F2000BCC19D /* FirebaseFirestoreSwift in Frameworks */,
				04AB355B2B601F2000BCC19D /* FirebaseAppCheck in Frameworks */,
				04AB35592B601F2000BCC19D /* FirebaseAnalyticsWithoutAdIdSupport in Frameworks */,
				04AB355F2B601F2000BCC19D /* FirebaseAuth in Frameworks */,
				04AB35632B601F2000BCC19D /* FirebaseCrashlytics in Frameworks */,
				04AB35832B601F2000BCC19D /* FirebaseRemoteConfigSwift in Frameworks */,
				04AB35752B601F2000BCC19D /* FirebaseInAppMessaging-Beta in Frameworks */,
				04AB35672B601F2000BCC19D /* FirebaseDatabaseSwift in Frameworks */,
				04AB35712B601F2000BCC19D /* FirebaseFunctions in Frameworks */,
				04AB35872B601F2000BCC19D /* FirebaseStorageCombine-Community in Frameworks */,
				04AB35812B601F2000BCC19D /* FirebaseRemoteConfig in Frameworks */,
				04AB355D2B601F2000BCC19D /* FirebaseAppDistribution-Beta in Frameworks */,
				04AB35612B601F2000BCC19D /* FirebaseAuthCombine-Community in Frameworks */,
				04AB357F2B601F2000BCC19D /* FirebasePerformance in Frameworks */,
				04AB35772B601F2000BCC19D /* FirebaseInAppMessagingSwift-Beta in Frameworks */,
				04AB35852B601F2000BCC19D /* FirebaseStorage in Frameworks */,
				04AB35692B601F2000BCC19D /* FirebaseDynamicLinks in Frameworks */,
				04AB356D2B601F2000BCC19D /* FirebaseFirestoreCombine-Community in Frameworks */,
				04AB357D2B601F2000BCC19D /* FirebaseMessaging in Frameworks */,
				04AB35792B601F2000BCC19D /* FirebaseInstallations in Frameworks */,
			);
			runOnlyForDeploymentPostprocessing = 0;
		};
/* End PBXFrameworksBuildPhase section */

/* Begin PBXGroup section */
		04AB35352B5B386900BCC19D = {
			isa = PBXGroup;
			children = (
				04AB35402B5B386900BCC19D /* VinBladelNew */,
				04AB353F2B5B386900BCC19D /* Products */,
				04AB35882B601F3E00BCC19D /* Frameworks */,
			);
			sourceTree = "<group>";
		};
		04AB353F2B5B386900BCC19D /* Products */ = {
			isa = PBXGroup;
			children = (
				04AB353E2B5B386900BCC19D /* VinBladelNew.app */,
			);
			name = Products;
			sourceTree = "<group>";
		};
		04AB35402B5B386900BCC19D /* VinBladelNew */ = {
			isa = PBXGroup;
			children = (
				C98F5E0D2B6026BE00ED07DE /* frontend */,
				C98F5E0B2B6026BB00ED07DE /* backend */,
				04AB354F2B601ED900BCC19D /* GoogleService-Info.plist */,
				04AB358B2B60293A00BCC19D /* FirebaseClass.swift */,
				04AB35412B5B386900BCC19D /* VinBladelNewApp.swift */,
				04AB35432B5B386900BCC19D /* ContentView.swift */,
				B1DF5A5F2B62CCDE0000668B /* TabView.swift */,
				04AB35452B5B386B00BCC19D /* Assets.xcassets */,
				04AB35472B5B386B00BCC19D /* Preview Content */,
			);
			path = VinBladelNew;
			sourceTree = "<group>";
		};
		04AB35472B5B386B00BCC19D /* Preview Content */ = {
			isa = PBXGroup;
			children = (
				04AB35482B5B386B00BCC19D /* Preview Assets.xcassets */,
			);
			path = "Preview Content";
			sourceTree = "<group>";
		};
		04AB35882B601F3E00BCC19D /* Frameworks */ = {
			isa = PBXGroup;
			children = (
			);
			name = Frameworks;
			sourceTree = "<group>";
		};
		C98F5E0D2B6026BE00ED07DE /* frontend */ = {
			isa = PBXGroup;
			children = (
				B177BA232B60204C0064FFA8 /* General_Inspection.swift */,
				B177BA252B60205E0064FFA8 /* Tire_Inspection.swift */,
				B177BA272B6020720064FFA8 /* MultiPoint_Inspection.swift */,
				B177BA292B6020820064FFA8 /* UnderCar_Inspection.swift */,
				B177BA2B2B6020980064FFA8 /* Brakes_Inspection.swift */,
				04AB358F2B62BBB500BCC19D /* CustomerListView.swift */,
				04AB35912B62BD5300BCC19D /* CustomerCarsView.swift */,
				04AB35932B62CA5900BCC19D /* CustomerCarSpecsView.swift */,
				C1A51DBD2B62C6B6000D0399 /* Summary_Page.swift */,
			);
			path = frontend;
			sourceTree = "<group>";
		};
/* End PBXGroup section */

/* Begin PBXNativeTarget section */
		04AB353D2B5B386900BCC19D /* VinBladelNew */ = {
			isa = PBXNativeTarget;
			buildConfigurationList = 04AB354C2B5B386B00BCC19D /* Build configuration list for PBXNativeTarget "VinBladelNew" */;
			buildPhases = (
				04AB353A2B5B386900BCC19D /* Sources */,
				04AB353B2B5B386900BCC19D /* Frameworks */,
				04AB353C2B5B386900BCC19D /* Resources */,
			);
			buildRules = (
			);
			dependencies = (
			);
			name = VinBladelNew;
			packageProductDependencies = (
				04AB35522B601F2000BCC19D /* FirebaseAnalytics */,
				04AB35542B601F2000BCC19D /* FirebaseAnalyticsOnDeviceConversion */,
				04AB35562B601F2000BCC19D /* FirebaseAnalyticsSwift */,
				04AB35582B601F2000BCC19D /* FirebaseAnalyticsWithoutAdIdSupport */,
				04AB355A2B601F2000BCC19D /* FirebaseAppCheck */,
				04AB355C2B601F2000BCC19D /* FirebaseAppDistribution-Beta */,
				04AB355E2B601F2000BCC19D /* FirebaseAuth */,
				04AB35602B601F2000BCC19D /* FirebaseAuthCombine-Community */,
				04AB35622B601F2000BCC19D /* FirebaseCrashlytics */,
				04AB35642B601F2000BCC19D /* FirebaseDatabase */,
				04AB35662B601F2000BCC19D /* FirebaseDatabaseSwift */,
				04AB35682B601F2000BCC19D /* FirebaseDynamicLinks */,
				04AB356A2B601F2000BCC19D /* FirebaseFirestore */,
				04AB356C2B601F2000BCC19D /* FirebaseFirestoreCombine-Community */,
				04AB356E2B601F2000BCC19D /* FirebaseFirestoreSwift */,
				04AB35702B601F2000BCC19D /* FirebaseFunctions */,
				04AB35722B601F2000BCC19D /* FirebaseFunctionsCombine-Community */,
				04AB35742B601F2000BCC19D /* FirebaseInAppMessaging-Beta */,
				04AB35762B601F2000BCC19D /* FirebaseInAppMessagingSwift-Beta */,
				04AB35782B601F2000BCC19D /* FirebaseInstallations */,
				04AB357A2B601F2000BCC19D /* FirebaseMLModelDownloader */,
				04AB357C2B601F2000BCC19D /* FirebaseMessaging */,
				04AB357E2B601F2000BCC19D /* FirebasePerformance */,
				04AB35802B601F2000BCC19D /* FirebaseRemoteConfig */,
				04AB35822B601F2000BCC19D /* FirebaseRemoteConfigSwift */,
				04AB35842B601F2000BCC19D /* FirebaseStorage */,
				04AB35862B601F2000BCC19D /* FirebaseStorageCombine-Community */,
			);
			productName = VinBladelNew;
			productReference = 04AB353E2B5B386900BCC19D /* VinBladelNew.app */;
			productType = "com.apple.product-type.application";
		};
/* End PBXNativeTarget section */

/* Begin PBXProject section */
		04AB35362B5B386900BCC19D /* Project object */ = {
			isa = PBXProject;
			attributes = {
				BuildIndependentTargetsInParallel = 1;
				LastSwiftUpdateCheck = 1520;
				LastUpgradeCheck = 1520;
				TargetAttributes = {
					04AB353D2B5B386900BCC19D = {
						CreatedOnToolsVersion = 15.2;
					};
				};
			};
			buildConfigurationList = 04AB35392B5B386900BCC19D /* Build configuration list for PBXProject "VinBladelNew" */;
			compatibilityVersion = "Xcode 14.0";
			developmentRegion = en;
			hasScannedForEncodings = 0;
			knownRegions = (
				en,
				Base,
			);
			mainGroup = 04AB35352B5B386900BCC19D;
			packageReferences = (
				04AB35512B601F2000BCC19D /* XCRemoteSwiftPackageReference "firebase-ios-sdk" */,
			);
			productRefGroup = 04AB353F2B5B386900BCC19D /* Products */;
			projectDirPath = "";
			projectRoot = "";
			targets = (
				04AB353D2B5B386900BCC19D /* VinBladelNew */,
			);
		};
/* End PBXProject section */

/* Begin PBXResourcesBuildPhase section */
		04AB353C2B5B386900BCC19D /* Resources */ = {
			isa = PBXResourcesBuildPhase;
			buildActionMask = 2147483647;
			files = (
				04AB35492B5B386B00BCC19D /* Preview Assets.xcassets in Resources */,
				04AB35462B5B386B00BCC19D /* Assets.xcassets in Resources */,
				04AB35502B601ED900BCC19D /* GoogleService-Info.plist in Resources */,
				C98F5E0C2B6026BB00ED07DE /* backend in Resources */,
			);
			runOnlyForDeploymentPostprocessing = 0;
		};
/* End PBXResourcesBuildPhase section */

/* Begin PBXSourcesBuildPhase section */
		04AB353A2B5B386900BCC19D /* Sources */ = {
			isa = PBXSourcesBuildPhase;
			buildActionMask = 2147483647;
			files = (
				04AB35442B5B386900BCC19D /* ContentView.swift in Sources */,
				04AB35902B62BBB500BCC19D /* CustomerListView.swift in Sources */,
				B1DF5A602B62CCDE0000668B /* TabView.swift in Sources */,
				B177BA2C2B6020980064FFA8 /* Brakes_Inspection.swift in Sources */,
				B177BA282B6020720064FFA8 /* MultiPoint_Inspection.swift in Sources */,
				04AB35422B5B386900BCC19D /* VinBladelNewApp.swift in Sources */,
				04AB35922B62BD5300BCC19D /* CustomerCarsView.swift in Sources */,
				04AB35942B62CA5900BCC19D /* CustomerCarSpecsView.swift in Sources */,
				04AB358C2B60293A00BCC19D /* FirebaseClass.swift in Sources */,
				B177BA242B60204C0064FFA8 /* General_Inspection.swift in Sources */,
				C1A51DBE2B62C6B6000D0399 /* Summary_Page.swift in Sources */,
				B177BA262B60205E0064FFA8 /* Tire_Inspection.swift in Sources */,
				B177BA2A2B6020820064FFA8 /* UnderCar_Inspection.swift in Sources */,
			);
			runOnlyForDeploymentPostprocessing = 0;
		};
/* End PBXSourcesBuildPhase section */

/* Begin XCBuildConfiguration section */
		04AB354A2B5B386B00BCC19D /* Debug */ = {
			isa = XCBuildConfiguration;
			buildSettings = {
				ALWAYS_SEARCH_USER_PATHS = NO;
				ASSETCATALOG_COMPILER_GENERATE_SWIFT_ASSET_SYMBOL_EXTENSIONS = YES;
				CLANG_ANALYZER_NONNULL = YES;
				CLANG_ANALYZER_NUMBER_OBJECT_CONVERSION = YES_AGGRESSIVE;
				CLANG_CXX_LANGUAGE_STANDARD = "gnu++20";
				CLANG_ENABLE_MODULES = YES;
				CLANG_ENABLE_OBJC_ARC = YES;
				CLANG_ENABLE_OBJC_WEAK = YES;
				CLANG_WARN_BLOCK_CAPTURE_AUTORELEASING = YES;
				CLANG_WARN_BOOL_CONVERSION = YES;
				CLANG_WARN_COMMA = YES;
				CLANG_WARN_CONSTANT_CONVERSION = YES;
				CLANG_WARN_DEPRECATED_OBJC_IMPLEMENTATIONS = YES;
				CLANG_WARN_DIRECT_OBJC_ISA_USAGE = YES_ERROR;
				CLANG_WARN_DOCUMENTATION_COMMENTS = YES;
				CLANG_WARN_EMPTY_BODY = YES;
				CLANG_WARN_ENUM_CONVERSION = YES;
				CLANG_WARN_INFINITE_RECURSION = YES;
				CLANG_WARN_INT_CONVERSION = YES;
				CLANG_WARN_NON_LITERAL_NULL_CONVERSION = YES;
				CLANG_WARN_OBJC_IMPLICIT_RETAIN_SELF = YES;
				CLANG_WARN_OBJC_LITERAL_CONVERSION = YES;
				CLANG_WARN_OBJC_ROOT_CLASS = YES_ERROR;
				CLANG_WARN_QUOTED_INCLUDE_IN_FRAMEWORK_HEADER = YES;
				CLANG_WARN_RANGE_LOOP_ANALYSIS = YES;
				CLANG_WARN_STRICT_PROTOTYPES = YES;
				CLANG_WARN_SUSPICIOUS_MOVE = YES;
				CLANG_WARN_UNGUARDED_AVAILABILITY = YES_AGGRESSIVE;
				CLANG_WARN_UNREACHABLE_CODE = YES;
				CLANG_WARN__DUPLICATE_METHOD_MATCH = YES;
				COPY_PHASE_STRIP = NO;
				DEBUG_INFORMATION_FORMAT = dwarf;
				ENABLE_STRICT_OBJC_MSGSEND = YES;
				ENABLE_TESTABILITY = YES;
				ENABLE_USER_SCRIPT_SANDBOXING = YES;
				GCC_C_LANGUAGE_STANDARD = gnu17;
				GCC_DYNAMIC_NO_PIC = NO;
				GCC_NO_COMMON_BLOCKS = YES;
				GCC_OPTIMIZATION_LEVEL = 0;
				GCC_PREPROCESSOR_DEFINITIONS = (
					"DEBUG=1",
					"$(inherited)",
				);
				GCC_WARN_64_TO_32_BIT_CONVERSION = YES;
				GCC_WARN_ABOUT_RETURN_TYPE = YES_ERROR;
				GCC_WARN_UNDECLARED_SELECTOR = YES;
				GCC_WARN_UNINITIALIZED_AUTOS = YES_AGGRESSIVE;
				GCC_WARN_UNUSED_FUNCTION = YES;
				GCC_WARN_UNUSED_VARIABLE = YES;
				IPHONEOS_DEPLOYMENT_TARGET = 17.2;
				LOCALIZATION_PREFERS_STRING_CATALOGS = YES;
				MTL_ENABLE_DEBUG_INFO = INCLUDE_SOURCE;
				MTL_FAST_MATH = YES;
				ONLY_ACTIVE_ARCH = YES;
				SDKROOT = iphoneos;
				SWIFT_ACTIVE_COMPILATION_CONDITIONS = "DEBUG $(inherited)";
				SWIFT_OPTIMIZATION_LEVEL = "-Onone";
			};
			name = Debug;
		};
		04AB354B2B5B386B00BCC19D /* Release */ = {
			isa = XCBuildConfiguration;
			buildSettings = {
				ALWAYS_SEARCH_USER_PATHS = NO;
				ASSETCATALOG_COMPILER_GENERATE_SWIFT_ASSET_SYMBOL_EXTENSIONS = YES;
				CLANG_ANALYZER_NONNULL = YES;
				CLANG_ANALYZER_NUMBER_OBJECT_CONVERSION = YES_AGGRESSIVE;
				CLANG_CXX_LANGUAGE_STANDARD = "gnu++20";
				CLANG_ENABLE_MODULES = YES;
				CLANG_ENABLE_OBJC_ARC = YES;
				CLANG_ENABLE_OBJC_WEAK = YES;
				CLANG_WARN_BLOCK_CAPTURE_AUTORELEASING = YES;
				CLANG_WARN_BOOL_CONVERSION = YES;
				CLANG_WARN_COMMA = YES;
				CLANG_WARN_CONSTANT_CONVERSION = YES;
				CLANG_WARN_DEPRECATED_OBJC_IMPLEMENTATIONS = YES;
				CLANG_WARN_DIRECT_OBJC_ISA_USAGE = YES_ERROR;
				CLANG_WARN_DOCUMENTATION_COMMENTS = YES;
				CLANG_WARN_EMPTY_BODY = YES;
				CLANG_WARN_ENUM_CONVERSION = YES;
				CLANG_WARN_INFINITE_RECURSION = YES;
				CLANG_WARN_INT_CONVERSION = YES;
				CLANG_WARN_NON_LITERAL_NULL_CONVERSION = YES;
				CLANG_WARN_OBJC_IMPLICIT_RETAIN_SELF = YES;
				CLANG_WARN_OBJC_LITERAL_CONVERSION = YES;
				CLANG_WARN_OBJC_ROOT_CLASS = YES_ERROR;
				CLANG_WARN_QUOTED_INCLUDE_IN_FRAMEWORK_HEADER = YES;
				CLANG_WARN_RANGE_LOOP_ANALYSIS = YES;
				CLANG_WARN_STRICT_PROTOTYPES = YES;
				CLANG_WARN_SUSPICIOUS_MOVE = YES;
				CLANG_WARN_UNGUARDED_AVAILABILITY = YES_AGGRESSIVE;
				CLANG_WARN_UNREACHABLE_CODE = YES;
				CLANG_WARN__DUPLICATE_METHOD_MATCH = YES;
				COPY_PHASE_STRIP = NO;
				DEBUG_INFORMATION_FORMAT = "dwarf-with-dsym";
				ENABLE_NS_ASSERTIONS = NO;
				ENABLE_STRICT_OBJC_MSGSEND = YES;
				ENABLE_USER_SCRIPT_SANDBOXING = YES;
				GCC_C_LANGUAGE_STANDARD = gnu17;
				GCC_NO_COMMON_BLOCKS = YES;
				GCC_WARN_64_TO_32_BIT_CONVERSION = YES;
				GCC_WARN_ABOUT_RETURN_TYPE = YES_ERROR;
				GCC_WARN_UNDECLARED_SELECTOR = YES;
				GCC_WARN_UNINITIALIZED_AUTOS = YES_AGGRESSIVE;
				GCC_WARN_UNUSED_FUNCTION = YES;
				GCC_WARN_UNUSED_VARIABLE = YES;
				IPHONEOS_DEPLOYMENT_TARGET = 17.2;
				LOCALIZATION_PREFERS_STRING_CATALOGS = YES;
				MTL_ENABLE_DEBUG_INFO = NO;
				MTL_FAST_MATH = YES;
				SDKROOT = iphoneos;
				SWIFT_COMPILATION_MODE = wholemodule;
				VALIDATE_PRODUCT = YES;
			};
			name = Release;
		};
		04AB354D2B5B386B00BCC19D /* Debug */ = {
			isa = XCBuildConfiguration;
			buildSettings = {
				ASSETCATALOG_COMPILER_APPICON_NAME = AppIcon;
				ASSETCATALOG_COMPILER_GLOBAL_ACCENT_COLOR_NAME = AccentColor;
				CODE_SIGN_STYLE = Automatic;
				CURRENT_PROJECT_VERSION = 1;
				DEVELOPMENT_ASSET_PATHS = "\"VinBladelNew/Preview Content\"";
				DEVELOPMENT_TEAM = 53573T622Y;
				ENABLE_PREVIEWS = YES;
				GENERATE_INFOPLIST_FILE = YES;
				INFOPLIST_KEY_UIApplicationSceneManifest_Generation = YES;
				INFOPLIST_KEY_UIApplicationSupportsIndirectInputEvents = YES;
				INFOPLIST_KEY_UILaunchScreen_Generation = YES;
				INFOPLIST_KEY_UISupportedInterfaceOrientations_iPad = "UIInterfaceOrientationPortrait UIInterfaceOrientationPortraitUpsideDown UIInterfaceOrientationLandscapeLeft UIInterfaceOrientationLandscapeRight";
				INFOPLIST_KEY_UISupportedInterfaceOrientations_iPhone = "UIInterfaceOrientationPortrait UIInterfaceOrientationLandscapeLeft UIInterfaceOrientationLandscapeRight";
				LD_RUNPATH_SEARCH_PATHS = (
					"$(inherited)",
					"@executable_path/Frameworks",
				);
				MARKETING_VERSION = 1.0;
				PRODUCT_BUNDLE_IDENTIFIER = com.Jibbie.VinBladelNew;
				PRODUCT_NAME = "$(TARGET_NAME)";
				SWIFT_EMIT_LOC_STRINGS = YES;
				SWIFT_VERSION = 5.0;
				TARGETED_DEVICE_FAMILY = "1,2";
			};
			name = Debug;
		};
		04AB354E2B5B386B00BCC19D /* Release */ = {
			isa = XCBuildConfiguration;
			buildSettings = {
				ASSETCATALOG_COMPILER_APPICON_NAME = AppIcon;
				ASSETCATALOG_COMPILER_GLOBAL_ACCENT_COLOR_NAME = AccentColor;
				CODE_SIGN_STYLE = Automatic;
				CURRENT_PROJECT_VERSION = 1;
				DEVELOPMENT_ASSET_PATHS = "\"VinBladelNew/Preview Content\"";
				DEVELOPMENT_TEAM = 53573T622Y;
				ENABLE_PREVIEWS = YES;
				GENERATE_INFOPLIST_FILE = YES;
				INFOPLIST_KEY_UIApplicationSceneManifest_Generation = YES;
				INFOPLIST_KEY_UIApplicationSupportsIndirectInputEvents = YES;
				INFOPLIST_KEY_UILaunchScreen_Generation = YES;
				INFOPLIST_KEY_UISupportedInterfaceOrientations_iPad = "UIInterfaceOrientationPortrait UIInterfaceOrientationPortraitUpsideDown UIInterfaceOrientationLandscapeLeft UIInterfaceOrientationLandscapeRight";
				INFOPLIST_KEY_UISupportedInterfaceOrientations_iPhone = "UIInterfaceOrientationPortrait UIInterfaceOrientationLandscapeLeft UIInterfaceOrientationLandscapeRight";
				LD_RUNPATH_SEARCH_PATHS = (
					"$(inherited)",
					"@executable_path/Frameworks",
				);
				MARKETING_VERSION = 1.0;
				PRODUCT_BUNDLE_IDENTIFIER = com.Jibbie.VinBladelNew;
				PRODUCT_NAME = "$(TARGET_NAME)";
				SWIFT_EMIT_LOC_STRINGS = YES;
				SWIFT_VERSION = 5.0;
				TARGETED_DEVICE_FAMILY = "1,2";
			};
			name = Release;
		};
/* End XCBuildConfiguration section */

/* Begin XCConfigurationList section */
		04AB35392B5B386900BCC19D /* Build configuration list for PBXProject "VinBladelNew" */ = {
			isa = XCConfigurationList;
			buildConfigurations = (
				04AB354A2B5B386B00BCC19D /* Debug */,
				04AB354B2B5B386B00BCC19D /* Release */,
			);
			defaultConfigurationIsVisible = 0;
			defaultConfigurationName = Release;
		};
		04AB354C2B5B386B00BCC19D /* Build configuration list for PBXNativeTarget "VinBladelNew" */ = {
			isa = XCConfigurationList;
			buildConfigurations = (
				04AB354D2B5B386B00BCC19D /* Debug */,
				04AB354E2B5B386B00BCC19D /* Release */,
			);
			defaultConfigurationIsVisible = 0;
			defaultConfigurationName = Release;
		};
/* End XCConfigurationList section */

/* Begin XCRemoteSwiftPackageReference section */
		04AB35512B601F2000BCC19D /* XCRemoteSwiftPackageReference "firebase-ios-sdk" */ = {
			isa = XCRemoteSwiftPackageReference;
			repositoryURL = "https://github.com/firebase/firebase-ios-sdk";
			requirement = {
				kind = upToNextMajorVersion;
				minimumVersion = 10.20.0;
			};
		};
/* End XCRemoteSwiftPackageReference section */

/* Begin XCSwiftPackageProductDependency section */
		04AB35522B601F2000BCC19D /* FirebaseAnalytics */ = {
			isa = XCSwiftPackageProductDependency;
			package = 04AB35512B601F2000BCC19D /* XCRemoteSwiftPackageReference "firebase-ios-sdk" */;
			productName = FirebaseAnalytics;
		};
		04AB35542B601F2000BCC19D /* FirebaseAnalyticsOnDeviceConversion */ = {
			isa = XCSwiftPackageProductDependency;
			package = 04AB35512B601F2000BCC19D /* XCRemoteSwiftPackageReference "firebase-ios-sdk" */;
			productName = FirebaseAnalyticsOnDeviceConversion;
		};
		04AB35562B601F2000BCC19D /* FirebaseAnalyticsSwift */ = {
			isa = XCSwiftPackageProductDependency;
			package = 04AB35512B601F2000BCC19D /* XCRemoteSwiftPackageReference "firebase-ios-sdk" */;
			productName = FirebaseAnalyticsSwift;
		};
		04AB35582B601F2000BCC19D /* FirebaseAnalyticsWithoutAdIdSupport */ = {
			isa = XCSwiftPackageProductDependency;
			package = 04AB35512B601F2000BCC19D /* XCRemoteSwiftPackageReference "firebase-ios-sdk" */;
			productName = FirebaseAnalyticsWithoutAdIdSupport;
		};
		04AB355A2B601F2000BCC19D /* FirebaseAppCheck */ = {
			isa = XCSwiftPackageProductDependency;
			package = 04AB35512B601F2000BCC19D /* XCRemoteSwiftPackageReference "firebase-ios-sdk" */;
			productName = FirebaseAppCheck;
		};
		04AB355C2B601F2000BCC19D /* FirebaseAppDistribution-Beta */ = {
			isa = XCSwiftPackageProductDependency;
			package = 04AB35512B601F2000BCC19D /* XCRemoteSwiftPackageReference "firebase-ios-sdk" */;
			productName = "FirebaseAppDistribution-Beta";
		};
		04AB355E2B601F2000BCC19D /* FirebaseAuth */ = {
			isa = XCSwiftPackageProductDependency;
			package = 04AB35512B601F2000BCC19D /* XCRemoteSwiftPackageReference "firebase-ios-sdk" */;
			productName = FirebaseAuth;
		};
		04AB35602B601F2000BCC19D /* FirebaseAuthCombine-Community */ = {
			isa = XCSwiftPackageProductDependency;
			package = 04AB35512B601F2000BCC19D /* XCRemoteSwiftPackageReference "firebase-ios-sdk" */;
			productName = "FirebaseAuthCombine-Community";
		};
		04AB35622B601F2000BCC19D /* FirebaseCrashlytics */ = {
			isa = XCSwiftPackageProductDependency;
			package = 04AB35512B601F2000BCC19D /* XCRemoteSwiftPackageReference "firebase-ios-sdk" */;
			productName = FirebaseCrashlytics;
		};
		04AB35642B601F2000BCC19D /* FirebaseDatabase */ = {
			isa = XCSwiftPackageProductDependency;
			package = 04AB35512B601F2000BCC19D /* XCRemoteSwiftPackageReference "firebase-ios-sdk" */;
			productName = FirebaseDatabase;
		};
		04AB35662B601F2000BCC19D /* FirebaseDatabaseSwift */ = {
			isa = XCSwiftPackageProductDependency;
			package = 04AB35512B601F2000BCC19D /* XCRemoteSwiftPackageReference "firebase-ios-sdk" */;
			productName = FirebaseDatabaseSwift;
		};
		04AB35682B601F2000BCC19D /* FirebaseDynamicLinks */ = {
			isa = XCSwiftPackageProductDependency;
			package = 04AB35512B601F2000BCC19D /* XCRemoteSwiftPackageReference "firebase-ios-sdk" */;
			productName = FirebaseDynamicLinks;
		};
		04AB356A2B601F2000BCC19D /* FirebaseFirestore */ = {
			isa = XCSwiftPackageProductDependency;
			package = 04AB35512B601F2000BCC19D /* XCRemoteSwiftPackageReference "firebase-ios-sdk" */;
			productName = FirebaseFirestore;
		};
		04AB356C2B601F2000BCC19D /* FirebaseFirestoreCombine-Community */ = {
			isa = XCSwiftPackageProductDependency;
			package = 04AB35512B601F2000BCC19D /* XCRemoteSwiftPackageReference "firebase-ios-sdk" */;
			productName = "FirebaseFirestoreCombine-Community";
		};
		04AB356E2B601F2000BCC19D /* FirebaseFirestoreSwift */ = {
			isa = XCSwiftPackageProductDependency;
			package = 04AB35512B601F2000BCC19D /* XCRemoteSwiftPackageReference "firebase-ios-sdk" */;
			productName = FirebaseFirestoreSwift;
		};
		04AB35702B601F2000BCC19D /* FirebaseFunctions */ = {
			isa = XCSwiftPackageProductDependency;
			package = 04AB35512B601F2000BCC19D /* XCRemoteSwiftPackageReference "firebase-ios-sdk" */;
			productName = FirebaseFunctions;
		};
		04AB35722B601F2000BCC19D /* FirebaseFunctionsCombine-Community */ = {
			isa = XCSwiftPackageProductDependency;
			package = 04AB35512B601F2000BCC19D /* XCRemoteSwiftPackageReference "firebase-ios-sdk" */;
			productName = "FirebaseFunctionsCombine-Community";
		};
		04AB35742B601F2000BCC19D /* FirebaseInAppMessaging-Beta */ = {
			isa = XCSwiftPackageProductDependency;
			package = 04AB35512B601F2000BCC19D /* XCRemoteSwiftPackageReference "firebase-ios-sdk" */;
			productName = "FirebaseInAppMessaging-Beta";
		};
		04AB35762B601F2000BCC19D /* FirebaseInAppMessagingSwift-Beta */ = {
			isa = XCSwiftPackageProductDependency;
			package = 04AB35512B601F2000BCC19D /* XCRemoteSwiftPackageReference "firebase-ios-sdk" */;
			productName = "FirebaseInAppMessagingSwift-Beta";
		};
		04AB35782B601F2000BCC19D /* FirebaseInstallations */ = {
			isa = XCSwiftPackageProductDependency;
			package = 04AB35512B601F2000BCC19D /* XCRemoteSwiftPackageReference "firebase-ios-sdk" */;
			productName = FirebaseInstallations;
		};
		04AB357A2B601F2000BCC19D /* FirebaseMLModelDownloader */ = {
			isa = XCSwiftPackageProductDependency;
			package = 04AB35512B601F2000BCC19D /* XCRemoteSwiftPackageReference "firebase-ios-sdk" */;
			productName = FirebaseMLModelDownloader;
		};
		04AB357C2B601F2000BCC19D /* FirebaseMessaging */ = {
			isa = XCSwiftPackageProductDependency;
			package = 04AB35512B601F2000BCC19D /* XCRemoteSwiftPackageReference "firebase-ios-sdk" */;
			productName = FirebaseMessaging;
		};
		04AB357E2B601F2000BCC19D /* FirebasePerformance */ = {
			isa = XCSwiftPackageProductDependency;
			package = 04AB35512B601F2000BCC19D /* XCRemoteSwiftPackageReference "firebase-ios-sdk" */;
			productName = FirebasePerformance;
		};
		04AB35802B601F2000BCC19D /* FirebaseRemoteConfig */ = {
			isa = XCSwiftPackageProductDependency;
			package = 04AB35512B601F2000BCC19D /* XCRemoteSwiftPackageReference "firebase-ios-sdk" */;
			productName = FirebaseRemoteConfig;
		};
		04AB35822B601F2000BCC19D /* FirebaseRemoteConfigSwift */ = {
			isa = XCSwiftPackageProductDependency;
			package = 04AB35512B601F2000BCC19D /* XCRemoteSwiftPackageReference "firebase-ios-sdk" */;
			productName = FirebaseRemoteConfigSwift;
		};
		04AB35842B601F2000BCC19D /* FirebaseStorage */ = {
			isa = XCSwiftPackageProductDependency;
			package = 04AB35512B601F2000BCC19D /* XCRemoteSwiftPackageReference "firebase-ios-sdk" */;
			productName = FirebaseStorage;
		};
		04AB35862B601F2000BCC19D /* FirebaseStorageCombine-Community */ = {
			isa = XCSwiftPackageProductDependency;
			package = 04AB35512B601F2000BCC19D /* XCRemoteSwiftPackageReference "firebase-ios-sdk" */;
			productName = "FirebaseStorageCombine-Community";
		};
/* End XCSwiftPackageProductDependency section */
	};
	rootObject = 04AB35362B5B386900BCC19D /* Project object */;
}
